
Microsoft Visual Studio Solution File, Format Version 12.00
# Visual Studio 15
VisualStudioVersion = 15.0.27004.2010
MinimumVisualStudioVersion = 10.0.40219.1
Project("{FAE04EC0-301F-11D3-BF4B-00C04F79EFBC}") = "10-22Functions2", "InClassExamples\10-22Functions2.csproj", "{BB70460C-16E1-463A-85EB-F3C67C00B87F}"
EndProject
Global
	GlobalSection(SolutionConfigurationPlatforms) = preSolution
		Debug|Any CPU = Debug|Any CPU
		Release|Any CPU = Release|Any CPU
	EndGlobalSection
	GlobalSection(ProjectConfigurationPlatforms) = postSolution
		{BB70460C-16E1-463A-85EB-F3C67C00B87F}.Debug|Any CPU.ActiveCfg = Debug|Any CPU
		{BB70460C-16E1-463A-85EB-F3C67C00B87F}.Debug|Any CPU.Build.0 = Debug|Any CPU
		{BB70460C-16E1-463A-85EB-F3C67C00B87F}.Release|Any CPU.ActiveCfg = Release|Any CPU
		{BB70460C-16E1-463A-85EB-F3C67C00B87F}.Release|Any CPU.Build.0 = Release|Any CPU
	EndGlobalSection
	GlobalSection(SolutionProperties) = preSolution
		HideSolutionNode = FALSE
	EndGlobalSection
	GlobalSection(ExtensibilityGlobals) = postSolution
		SolutionGuid = {8A0F6927-DCDF-43B1-BB84-83A51BA70F78}
	EndGlobalSection
EndGlobal
